
Microsoft Visual Studio Solution File, Format Version 12.00
# Visual Studio Version 17
VisualStudioVersion = 17.10.35013.160
MinimumVisualStudioVersion = 10.0.40219.1
Project("{9A19103F-16F7-4668-BE54-9A1E7A4F7556}") = "AuthWithRoles", "ApiWithAuth\AuthWithRoles.csproj", "{B07107BA-0612-46A6-BAF4-ABCB3263CE7C}"
EndProject
Project("{9A19103F-16F7-4668-BE54-9A1E7A4F7556}") = "SimpleJwtAuth", "SimpleJwtAuth\SimpleJwtAuth.csproj", "{3DAD2A28-C27F-412E-8D8F-F68D8817D8D5}"
EndProject
Project("{9A19103F-16F7-4668-BE54-9A1E7A4F7556}") = "AuthWith2Fa", "AuthWith2Fa\AuthWith2Fa.csproj", "{5FE64049-1D2D-47C5-89F6-8FDCCD4297BE}"
EndProject
Project("{FAE04EC0-301F-11D3-BF4B-00C04F79EFBC}") = "EmailService", "EmailService\EmailService.csproj", "{F196EB80-121B-4CDB-9A1D-5B5612EAEFF2}"
EndProject
Global
	GlobalSection(SolutionConfigurationPlatforms) = preSolution
		Debug|Any CPU = Debug|Any CPU
		Release|Any CPU = Release|Any CPU
	EndGlobalSection
	GlobalSection(ProjectConfigurationPlatforms) = postSolution
		{B07107BA-0612-46A6-BAF4-ABCB3263CE7C}.Debug|Any CPU.ActiveCfg = Debug|Any CPU
		{B07107BA-0612-46A6-BAF4-ABCB3263CE7C}.Debug|Any CPU.Build.0 = Debug|Any CPU
		{B07107BA-0612-46A6-BAF4-ABCB3263CE7C}.Release|Any CPU.ActiveCfg = Release|Any CPU
		{B07107BA-0612-46A6-BAF4-ABCB3263CE7C}.Release|Any CPU.Build.0 = Release|Any CPU
		{3DAD2A28-C27F-412E-8D8F-F68D8817D8D5}.Debug|Any CPU.ActiveCfg = Debug|Any CPU
		{3DAD2A28-C27F-412E-8D8F-F68D8817D8D5}.Debug|Any CPU.Build.0 = Debug|Any CPU
		{3DAD2A28-C27F-412E-8D8F-F68D8817D8D5}.Release|Any CPU.ActiveCfg = Release|Any CPU
		{3DAD2A28-C27F-412E-8D8F-F68D8817D8D5}.Release|Any CPU.Build.0 = Release|Any CPU
		{5FE64049-1D2D-47C5-89F6-8FDCCD4297BE}.Debug|Any CPU.ActiveCfg = Debug|Any CPU
		{5FE64049-1D2D-47C5-89F6-8FDCCD4297BE}.Debug|Any CPU.Build.0 = Debug|Any CPU
		{5FE64049-1D2D-47C5-89F6-8FDCCD4297BE}.Release|Any CPU.ActiveCfg = Release|Any CPU
		{5FE64049-1D2D-47C5-89F6-8FDCCD4297BE}.Release|Any CPU.Build.0 = Release|Any CPU
		{F196EB80-121B-4CDB-9A1D-5B5612EAEFF2}.Debug|Any CPU.ActiveCfg = Debug|Any CPU
		{F196EB80-121B-4CDB-9A1D-5B5612EAEFF2}.Debug|Any CPU.Build.0 = Debug|Any CPU
		{F196EB80-121B-4CDB-9A1D-5B5612EAEFF2}.Release|Any CPU.ActiveCfg = Release|Any CPU
		{F196EB80-121B-4CDB-9A1D-5B5612EAEFF2}.Release|Any CPU.Build.0 = Release|Any CPU
	EndGlobalSection
	GlobalSection(SolutionProperties) = preSolution
		HideSolutionNode = FALSE
	EndGlobalSection
	GlobalSection(ExtensibilityGlobals) = postSolution
		SolutionGuid = {B3AE2F36-F825-4F4A-AE91-A8AB3D1720CC}
	EndGlobalSection
EndGlobal
